
Microsoft Visual Studio Solution File, Format Version 12.00
Project("{FAE04EC0-301F-11D3-BF4B-00C04F79EFBC}") = "RelayTheSpire", "RelayTheSpire.csproj", "{A586D046-EEA8-4E85-AEA8-6A8A44554CD8}"
EndProject
Project("{FAE04EC0-301F-11D3-BF4B-00C04F79EFBC}") = "RelayTheSpire.Tests", "RelayTheSpire.Tests\RelayTheSpire.Tests.csproj", "{9F2277D5-3D78-425C-9F41-D3B6EF71BCA0}"
EndProject
Global
	GlobalSection(SolutionConfigurationPlatforms) = preSolution
		Debug|Any CPU = Debug|Any CPU
		ExportDebug|Any CPU = ExportDebug|Any CPU
		ExportRelease|Any CPU = ExportRelease|Any CPU
	EndGlobalSection
	GlobalSection(ProjectConfigurationPlatforms) = postSolution
		{A586D046-EEA8-4E85-AEA8-6A8A44554CD8}.Debug|Any CPU.ActiveCfg = Debug|Any CPU
		{A586D046-EEA8-4E85-AEA8-6A8A44554CD8}.Debug|Any CPU.Build.0 = Debug|Any CPU
		{A586D046-EEA8-4E85-AEA8-6A8A44554CD8}.ExportDebug|Any CPU.ActiveCfg = ExportDebug|Any CPU
		{A586D046-EEA8-4E85-AEA8-6A8A44554CD8}.ExportDebug|Any CPU.Build.0 = ExportDebug|Any CPU
		{A586D046-EEA8-4E85-AEA8-6A8A44554CD8}.ExportRelease|Any CPU.ActiveCfg = ExportRelease|Any CPU
		{A586D046-EEA8-4E85-AEA8-6A8A44554CD8}.ExportRelease|Any CPU.Build.0 = ExportRelease|Any CPU
		{9F2277D5-3D78-425C-9F41-D3B6EF71BCA0}.Debug|Any CPU.ActiveCfg = Debug|Any CPU
		{9F2277D5-3D78-425C-9F41-D3B6EF71BCA0}.Debug|Any CPU.Build.0 = Debug|Any CPU
		{9F2277D5-3D78-425C-9F41-D3B6EF71BCA0}.ExportDebug|Any CPU.ActiveCfg = Debug|Any CPU
		{9F2277D5-3D78-425C-9F41-D3B6EF71BCA0}.ExportDebug|Any CPU.Build.0 = Debug|Any CPU
		{9F2277D5-3D78-425C-9F41-D3B6EF71BCA0}.ExportRelease|Any CPU.ActiveCfg = Debug|Any CPU
		{9F2277D5-3D78-425C-9F41-D3B6EF71BCA0}.ExportRelease|Any CPU.Build.0 = Debug|Any CPU
	EndGlobalSection
EndGlobal
